// !$*UTF8*$!
{
	archiveVersion = 1;
	classes = {
	};
	objectVersion = 63;
	objects = {

/* Begin PBXBuildFile section */
		63CD35992D084AFC00067343 /* Localizable.xcstrings in Resources */ = {isa = PBXBuildFile; fileRef = 63CD35632D084AFC00067343 /* Localizable.xcstrings */; };
		63CD359A2D084AFC00067343 /* Preview Assets.xcassets in Resources */ = {isa = PBXBuildFile; fileRef = 63CD35942D084AFC00067343 /* Preview Assets.xcassets */; };
		63CD359B2D084AFC00067343 /* Assets.xcassets in Resources */ = {isa = PBXBuildFile; fileRef = 63CD35962D084AFC00067343 /* Assets.xcassets */; };
		63CD359C2D084AFC00067343 /* FrameFlowApp.swift in Sources */ = {isa = PBXBuildFile; fileRef = 63CD35622D084AFC00067343 /* FrameFlowApp.swift */; };
		63CD359D2D084AFC00067343 /* ActionModel.swift in Sources */ = {isa = PBXBuildFile; fileRef = 63CD35652D084AFC00067343 /* ActionModel.swift */; };
		63CD359E2D084AFC00067343 /* CanvasModel.swift in Sources */ = {isa = PBXBuildFile; fileRef = 63CD35662D084AFC00067343 /* CanvasModel.swift */; };
		63CD359F2D084AFC00067343 /* LineModel.swift in Sources */ = {isa = PBXBuildFile; fileRef = 63CD35672D084AFC00067343 /* LineModel.swift */; };
		63CD35A02D084AFC00067343 /* ShapeModel.swift in Sources */ = {isa = PBXBuildFile; fileRef = 63CD35682D084AFC00067343 /* ShapeModel.swift */; };
		63CD35A12D084AFC00067343 /* CanvasHeaderView.swift in Sources */ = {isa = PBXBuildFile; fileRef = 63CD356A2D084AFC00067343 /* CanvasHeaderView.swift */; };
		63CD35A22D084AFC00067343 /* CanvasTabbarView.swift in Sources */ = {isa = PBXBuildFile; fileRef = 63CD356B2D084AFC00067343 /* CanvasTabbarView.swift */; };
		63CD35A32D084AFC00067343 /* CanvasView.swift in Sources */ = {isa = PBXBuildFile; fileRef = 63CD356C2D084AFC00067343 /* CanvasView.swift */; };
		63CD35A42D084AFC00067343 /* ColorPaletteView.swift in Sources */ = {isa = PBXBuildFile; fileRef = 63CD356E2D084AFC00067343 /* ColorPaletteView.swift */; };
		63CD35A52D084AFC00067343 /* ColorPickerShortView.swift in Sources */ = {isa = PBXBuildFile; fileRef = 63CD356F2D084AFC00067343 /* ColorPickerShortView.swift */; };
		63CD35A62D084AFC00067343 /* ShapeHeightSliderView.swift in Sources */ = {isa = PBXBuildFile; fileRef = 63CD35702D084AFC00067343 /* ShapeHeightSliderView.swift */; };
		63CD35A72D084AFC00067343 /* ShapesPickerView.swift in Sources */ = {isa = PBXBuildFile; fileRef = 63CD35712D084AFC00067343 /* ShapesPickerView.swift */; };
		63CD35A82D084AFC00067343 /* SpeedSliderView.swift in Sources */ = {isa = PBXBuildFile; fileRef = 63CD35722D084AFC00067343 /* SpeedSliderView.swift */; };
		63CD35A92D084AFC00067343 /* WidthSliderView.swift in Sources */ = {isa = PBXBuildFile; fileRef = 63CD35732D084AFC00067343 /* WidthSliderView.swift */; };
		63CD35AA2D084AFC00067343 /* LayerMiniatureView.swift in Sources */ = {isa = PBXBuildFile; fileRef = 63CD35752D084AFC00067343 /* LayerMiniatureView.swift */; };
		63CD35AB2D084AFC00067343 /* LayerSheetView.swift in Sources */ = {isa = PBXBuildFile; fileRef = 63CD35762D084AFC00067343 /* LayerSheetView.swift */; };
		63CD35AC2D084AFC00067343 /* EditorView.swift in Sources */ = {isa = PBXBuildFile; fileRef = 63CD35782D084AFC00067343 /* EditorView.swift */; };
		63CD35AD2D084AFC00067343 /* GIFShareView.swift in Sources */ = {isa = PBXBuildFile; fileRef = 63CD35792D084AFC00067343 /* GIFShareView.swift */; };
		63CD35AE2D084AFC00067343 /* AnimationViewModel.swift in Sources */ = {isa = PBXBuildFile; fileRef = 63CD357B2D084AFC00067343 /* AnimationViewModel.swift */; };
		63CD35AF2D084AFC00067343 /* DrawingViewModel.swift in Sources */ = {isa = PBXBuildFile; fileRef = 63CD357C2D084AFC00067343 /* DrawingViewModel.swift */; };
		63CD35B02D084AFC00067343 /* GIFShareViewModel.swift in Sources */ = {isa = PBXBuildFile; fileRef = 63CD357D2D084AFC00067343 /* GIFShareViewModel.swift */; };
		63CD35B12D084AFC00067343 /* LayerViewModel.swift in Sources */ = {isa = PBXBuildFile; fileRef = 63CD357E2D084AFC00067343 /* LayerViewModel.swift */; };
		63CD35B22D084AFC00067343 /* ShapeViewModel.swift in Sources */ = {isa = PBXBuildFile; fileRef = 63CD357F2D084AFC00067343 /* ShapeViewModel.swift */; };
		63CD35B32D084AFC00067343 /* UndoRedoViewModel.swift in Sources */ = {isa = PBXBuildFile; fileRef = 63CD35802D084AFC00067343 /* UndoRedoViewModel.swift */; };
		63CD35B42D084AFC00067343 /* CanvasViewModel.swift in Sources */ = {isa = PBXBuildFile; fileRef = 63CD35822D084AFC00067343 /* CanvasViewModel.swift */; };
		63CD35B52D084AFC00067343 /* ColorExtension.swift in Sources */ = {isa = PBXBuildFile; fileRef = 63CD35852D084AFC00067343 /* ColorExtension.swift */; };
		63CD35B62D084AFC00067343 /* FontExtension.swift in Sources */ = {isa = PBXBuildFile; fileRef = 63CD35862D084AFC00067343 /* FontExtension.swift */; };
		63CD35B72D084AFC00067343 /* ImageExtension.swift in Sources */ = {isa = PBXBuildFile; fileRef = 63CD35872D084AFC00067343 /* ImageExtension.swift */; };
		63CD35B82D084AFC00067343 /* Labels.swift in Sources */ = {isa = PBXBuildFile; fileRef = 63CD35882D084AFC00067343 /* Labels.swift */; };
		63CD35B92D084AFC00067343 /* ViewExtension.swift in Sources */ = {isa = PBXBuildFile; fileRef = 63CD35892D084AFC00067343 /* ViewExtension.swift */; };
		63CD35BA2D084AFC00067343 /* OnboardingScreenModel.swift in Sources */ = {isa = PBXBuildFile; fileRef = 63CD358B2D084AFC00067343 /* OnboardingScreenModel.swift */; };
		63CD35BB2D084AFC00067343 /* OnboardingScreenVIew.swift in Sources */ = {isa = PBXBuildFile; fileRef = 63CD358D2D084AFC00067343 /* OnboardingScreenVIew.swift */; };
		63CD35BC2D084AFC00067343 /* OnboardingScreenViewModel.swift in Sources */ = {isa = PBXBuildFile; fileRef = 63CD358F2D084AFC00067343 /* OnboardingScreenViewModel.swift */; };
		63CD35BD2D084AFC00067343 /* SplashScreenView.swift in Sources */ = {isa = PBXBuildFile; fileRef = 63CD35922D084AFC00067343 /* SplashScreenView.swift */; };
		63DF40CE2D11BCB300DA1C28 /* FrameFlowTests.swift in Sources */ = {isa = PBXBuildFile; fileRef = 63DF40CC2D11BCB300DA1C28 /* FrameFlowTests.swift */; };
/* End PBXBuildFile section */

/* Begin PBXContainerItemProxy section */
		6374328E2CD8F8E900495572 /* PBXContainerItemProxy */ = {
			isa = PBXContainerItemProxy;
			containerPortal = 63299F5D2CCFCA23002609CB /* Project object */;
			proxyType = 1;
			remoteGlobalIDString = 63299F642CCFCA23002609CB;
			remoteInfo = FrameFlow;
		};
/* End PBXContainerItemProxy section */

/* Begin PBXFileReference section */
		63299F652CCFCA23002609CB /* FrameFlow.app */ = {isa = PBXFileReference; explicitFileType = wrapper.application; includeInIndex = 0; path = FrameFlow.app; sourceTree = BUILT_PRODUCTS_DIR; };
		6374328A2CD8F8E900495572 /* FrameFlowTests.xctest */ = {isa = PBXFileReference; explicitFileType = wrapper.cfbundle; includeInIndex = 0; path = FrameFlowTests.xctest; sourceTree = BUILT_PRODUCTS_DIR; };
		63A358172D123B6600280605 /* Info.plist */ = {isa = PBXFileReference; lastKnownFileType = text.plist.xml; path = Info.plist; sourceTree = "<group>"; };
		63CD35622D084AFC00067343 /* FrameFlowApp.swift */ = {isa = PBXFileReference; lastKnownFileType = sourcecode.swift; path = FrameFlowApp.swift; sourceTree = "<group>"; };
		63CD35632D084AFC00067343 /* Localizable.xcstrings */ = {isa = PBXFileReference; lastKnownFileType = text.json.xcstrings; path = Localizable.xcstrings; sourceTree = "<group>"; };
		63CD35652D084AFC00067343 /* ActionModel.swift */ = {isa = PBXFileReference; lastKnownFileType = sourcecode.swift; path = ActionModel.swift; sourceTree = "<group>"; };
		63CD35662D084AFC00067343 /* CanvasModel.swift */ = {isa = PBXFileReference; lastKnownFileType = sourcecode.swift; path = CanvasModel.swift; sourceTree = "<group>"; };
		63CD35672D084AFC00067343 /* LineModel.swift */ = {isa = PBXFileReference; lastKnownFileType = sourcecode.swift; path = LineModel.swift; sourceTree = "<group>"; };
		63CD35682D084AFC00067343 /* ShapeModel.swift */ = {isa = PBXFileReference; lastKnownFileType = sourcecode.swift; path = ShapeModel.swift; sourceTree = "<group>"; };
		63CD356A2D084AFC00067343 /* CanvasHeaderView.swift */ = {isa = PBXFileReference; lastKnownFileType = sourcecode.swift; path = CanvasHeaderView.swift; sourceTree = "<group>"; };
		63CD356B2D084AFC00067343 /* CanvasTabbarView.swift */ = {isa = PBXFileReference; lastKnownFileType = sourcecode.swift; path = CanvasTabbarView.swift; sourceTree = "<group>"; };
		63CD356C2D084AFC00067343 /* CanvasView.swift */ = {isa = PBXFileReference; lastKnownFileType = sourcecode.swift; path = CanvasView.swift; sourceTree = "<group>"; };
		63CD356E2D084AFC00067343 /* ColorPaletteView.swift */ = {isa = PBXFileReference; lastKnownFileType = sourcecode.swift; path = ColorPaletteView.swift; sourceTree = "<group>"; };
		63CD356F2D084AFC00067343 /* ColorPickerShortView.swift */ = {isa = PBXFileReference; lastKnownFileType = sourcecode.swift; path = ColorPickerShortView.swift; sourceTree = "<group>"; };
		63CD35702D084AFC00067343 /* ShapeHeightSliderView.swift */ = {isa = PBXFileReference; lastKnownFileType = sourcecode.swift; path = ShapeHeightSliderView.swift; sourceTree = "<group>"; };
		63CD35712D084AFC00067343 /* ShapesPickerView.swift */ = {isa = PBXFileReference; lastKnownFileType = sourcecode.swift; path = ShapesPickerView.swift; sourceTree = "<group>"; };
		63CD35722D084AFC00067343 /* SpeedSliderView.swift */ = {isa = PBXFileReference; lastKnownFileType = sourcecode.swift; path = SpeedSliderView.swift; sourceTree = "<group>"; };
		63CD35732D084AFC00067343 /* WidthSliderView.swift */ = {isa = PBXFileReference; lastKnownFileType = sourcecode.swift; path = WidthSliderView.swift; sourceTree = "<group>"; };
		63CD35752D084AFC00067343 /* LayerMiniatureView.swift */ = {isa = PBXFileReference; lastKnownFileType = sourcecode.swift; path = LayerMiniatureView.swift; sourceTree = "<group>"; };
		63CD35762D084AFC00067343 /* LayerSheetView.swift */ = {isa = PBXFileReference; lastKnownFileType = sourcecode.swift; path = LayerSheetView.swift; sourceTree = "<group>"; };
		63CD35782D084AFC00067343 /* EditorView.swift */ = {isa = PBXFileReference; lastKnownFileType = sourcecode.swift; path = EditorView.swift; sourceTree = "<group>"; };
		63CD35792D084AFC00067343 /* GIFShareView.swift */ = {isa = PBXFileReference; lastKnownFileType = sourcecode.swift; path = GIFShareView.swift; sourceTree = "<group>"; };
		63CD357B2D084AFC00067343 /* AnimationViewModel.swift */ = {isa = PBXFileReference; lastKnownFileType = sourcecode.swift; path = AnimationViewModel.swift; sourceTree = "<group>"; };
		63CD357C2D084AFC00067343 /* DrawingViewModel.swift */ = {isa = PBXFileReference; lastKnownFileType = sourcecode.swift; path = DrawingViewModel.swift; sourceTree = "<group>"; };
		63CD357D2D084AFC00067343 /* GIFShareViewModel.swift */ = {isa = PBXFileReference; lastKnownFileType = sourcecode.swift; path = GIFShareViewModel.swift; sourceTree = "<group>"; };
		63CD357E2D084AFC00067343 /* LayerViewModel.swift */ = {isa = PBXFileReference; lastKnownFileType = sourcecode.swift; path = LayerViewModel.swift; sourceTree = "<group>"; };
		63CD357F2D084AFC00067343 /* ShapeViewModel.swift */ = {isa = PBXFileReference; lastKnownFileType = sourcecode.swift; path = ShapeViewModel.swift; sourceTree = "<group>"; };
		63CD35802D084AFC00067343 /* UndoRedoViewModel.swift */ = {isa = PBXFileReference; lastKnownFileType = sourcecode.swift; path = UndoRedoViewModel.swift; sourceTree = "<group>"; };
		63CD35822D084AFC00067343 /* CanvasViewModel.swift */ = {isa = PBXFileReference; lastKnownFileType = sourcecode.swift; path = CanvasViewModel.swift; sourceTree = "<group>"; };
		63CD35852D084AFC00067343 /* ColorExtension.swift */ = {isa = PBXFileReference; lastKnownFileType = sourcecode.swift; path = ColorExtension.swift; sourceTree = "<group>"; };
		63CD35862D084AFC00067343 /* FontExtension.swift */ = {isa = PBXFileReference; lastKnownFileType = sourcecode.swift; path = FontExtension.swift; sourceTree = "<group>"; };
		63CD35872D084AFC00067343 /* ImageExtension.swift */ = {isa = PBXFileReference; lastKnownFileType = sourcecode.swift; path = ImageExtension.swift; sourceTree = "<group>"; };
		63CD35882D084AFC00067343 /* Labels.swift */ = {isa = PBXFileReference; lastKnownFileType = sourcecode.swift; path = Labels.swift; sourceTree = "<group>"; };
		63CD35892D084AFC00067343 /* ViewExtension.swift */ = {isa = PBXFileReference; lastKnownFileType = sourcecode.swift; path = ViewExtension.swift; sourceTree = "<group>"; };
		63CD358B2D084AFC00067343 /* OnboardingScreenModel.swift */ = {isa = PBXFileReference; lastKnownFileType = sourcecode.swift; path = OnboardingScreenModel.swift; sourceTree = "<group>"; };
		63CD358D2D084AFC00067343 /* OnboardingScreenVIew.swift */ = {isa = PBXFileReference; lastKnownFileType = sourcecode.swift; path = OnboardingScreenVIew.swift; sourceTree = "<group>"; };
		63CD358F2D084AFC00067343 /* OnboardingScreenViewModel.swift */ = {isa = PBXFileReference; lastKnownFileType = sourcecode.swift; path = OnboardingScreenViewModel.swift; sourceTree = "<group>"; };
		63CD35922D084AFC00067343 /* SplashScreenView.swift */ = {isa = PBXFileReference; lastKnownFileType = sourcecode.swift; path = SplashScreenView.swift; sourceTree = "<group>"; };
		63CD35942D084AFC00067343 /* Preview Assets.xcassets */ = {isa = PBXFileReference; lastKnownFileType = folder.assetcatalog; path = "Preview Assets.xcassets"; sourceTree = "<group>"; };
		63CD35962D084AFC00067343 /* Assets.xcassets */ = {isa = PBXFileReference; lastKnownFileType = folder.assetcatalog; path = Assets.xcassets; sourceTree = "<group>"; };
		63DF40CC2D11BCB300DA1C28 /* FrameFlowTests.swift */ = {isa = PBXFileReference; lastKnownFileType = sourcecode.swift; path = FrameFlowTests.swift; sourceTree = "<group>"; };
/* End PBXFileReference section */

/* Begin PBXFrameworksBuildPhase section */
		63299F622CCFCA23002609CB /* Frameworks */ = {
			isa = PBXFrameworksBuildPhase;
			buildActionMask = 2147483647;
			files = (
			);
			runOnlyForDeploymentPostprocessing = 0;
		};
		637432872CD8F8E900495572 /* Frameworks */ = {
			isa = PBXFrameworksBuildPhase;
			buildActionMask = 2147483647;
			files = (
			);
			runOnlyForDeploymentPostprocessing = 0;
		};
/* End PBXFrameworksBuildPhase section */

/* Begin PBXGroup section */
		63299F5C2CCFCA23002609CB = {
			isa = PBXGroup;
			children = (
				63CD35982D084AFC00067343 /* FrameFlow */,
				63DF40CD2D11BCB300DA1C28 /* FrameFlowTests */,
				63299F662CCFCA23002609CB /* Products */,
			);
			sourceTree = "<group>";
		};
		63299F662CCFCA23002609CB /* Products */ = {
			isa = PBXGroup;
			children = (
				63299F652CCFCA23002609CB /* FrameFlow.app */,
				6374328A2CD8F8E900495572 /* FrameFlowTests.xctest */,
			);
			name = Products;
			sourceTree = "<group>";
		};
		63CD35642D084AFC00067343 /* Application */ = {
			isa = PBXGroup;
			children = (
				63CD35622D084AFC00067343 /* FrameFlowApp.swift */,
				63CD35632D084AFC00067343 /* Localizable.xcstrings */,
			);
			path = Application;
			sourceTree = "<group>";
		};
		63CD35692D084AFC00067343 /* Model */ = {
			isa = PBXGroup;
			children = (
				63CD35652D084AFC00067343 /* ActionModel.swift */,
				63CD35662D084AFC00067343 /* CanvasModel.swift */,
				63CD35672D084AFC00067343 /* LineModel.swift */,
				63CD35682D084AFC00067343 /* ShapeModel.swift */,
			);
			path = Model;
			sourceTree = "<group>";
		};
		63CD356D2D084AFC00067343 /* MainSubviews */ = {
			isa = PBXGroup;
			children = (
				63CD356A2D084AFC00067343 /* CanvasHeaderView.swift */,
				63CD356B2D084AFC00067343 /* CanvasTabbarView.swift */,
				63CD356C2D084AFC00067343 /* CanvasView.swift */,
			);
			path = MainSubviews;
			sourceTree = "<group>";
		};
		63CD35742D084AFC00067343 /* Pickers */ = {
			isa = PBXGroup;
			children = (
				63CD356E2D084AFC00067343 /* ColorPaletteView.swift */,
				63CD356F2D084AFC00067343 /* ColorPickerShortView.swift */,
				63CD35702D084AFC00067343 /* ShapeHeightSliderView.swift */,
				63CD35712D084AFC00067343 /* ShapesPickerView.swift */,
				63CD35722D084AFC00067343 /* SpeedSliderView.swift */,
				63CD35732D084AFC00067343 /* WidthSliderView.swift */,
			);
			path = Pickers;
			sourceTree = "<group>";
		};
		63CD35772D084AFC00067343 /* Storyboard */ = {
			isa = PBXGroup;
			children = (
				63CD35752D084AFC00067343 /* LayerMiniatureView.swift */,
				63CD35762D084AFC00067343 /* LayerSheetView.swift */,
			);
			path = Storyboard;
			sourceTree = "<group>";
		};
		63CD357A2D084AFC00067343 /* View */ = {
			isa = PBXGroup;
			children = (
				63CD356D2D084AFC00067343 /* MainSubviews */,
				63CD35742D084AFC00067343 /* Pickers */,
				63CD35772D084AFC00067343 /* Storyboard */,
				63CD35782D084AFC00067343 /* EditorView.swift */,
				63CD35792D084AFC00067343 /* GIFShareView.swift */,
			);
			path = View;
			sourceTree = "<group>";
		};
		63CD35812D084AFC00067343 /* SubViewModels */ = {
			isa = PBXGroup;
			children = (
				63CD357B2D084AFC00067343 /* AnimationViewModel.swift */,
				63CD357C2D084AFC00067343 /* DrawingViewModel.swift */,
				63CD357D2D084AFC00067343 /* GIFShareViewModel.swift */,
				63CD357E2D084AFC00067343 /* LayerViewModel.swift */,
				63CD357F2D084AFC00067343 /* ShapeViewModel.swift */,
				63CD35802D084AFC00067343 /* UndoRedoViewModel.swift */,
			);
			path = SubViewModels;
			sourceTree = "<group>";
		};
		63CD35832D084AFC00067343 /* ViewModel */ = {
			isa = PBXGroup;
			children = (
				63CD35812D084AFC00067343 /* SubViewModels */,
				63CD35822D084AFC00067343 /* CanvasViewModel.swift */,
			);
			path = ViewModel;
			sourceTree = "<group>";
		};
		63CD35842D084AFC00067343 /* CanvasModule */ = {
			isa = PBXGroup;
			children = (
				63CD35692D084AFC00067343 /* Model */,
				63CD357A2D084AFC00067343 /* View */,
				63CD35832D084AFC00067343 /* ViewModel */,
			);
			path = CanvasModule;
			sourceTree = "<group>";
		};
		63CD358A2D084AFC00067343 /* Extensions */ = {
			isa = PBXGroup;
			children = (
				63CD35852D084AFC00067343 /* ColorExtension.swift */,
				63CD35862D084AFC00067343 /* FontExtension.swift */,
				63CD35872D084AFC00067343 /* ImageExtension.swift */,
				63CD35882D084AFC00067343 /* Labels.swift */,
				63CD35892D084AFC00067343 /* ViewExtension.swift */,
			);
			path = Extensions;
			sourceTree = "<group>";
		};
		63CD358C2D084AFC00067343 /* Model */ = {
			isa = PBXGroup;
			children = (
				63CD358B2D084AFC00067343 /* OnboardingScreenModel.swift */,
			);
			path = Model;
			sourceTree = "<group>";
		};
		63CD358E2D084AFC00067343 /* View */ = {
			isa = PBXGroup;
			children = (
				63CD358D2D084AFC00067343 /* OnboardingScreenVIew.swift */,
			);
			path = View;
			sourceTree = "<group>";
		};
		63CD35902D084AFC00067343 /* ViewModel */ = {
			isa = PBXGroup;
			children = (
				63CD358F2D084AFC00067343 /* OnboardingScreenViewModel.swift */,
			);
			path = ViewModel;
			sourceTree = "<group>";
		};
		63CD35912D084AFC00067343 /* Onboarding */ = {
			isa = PBXGroup;
			children = (
				63CD358C2D084AFC00067343 /* Model */,
				63CD358E2D084AFC00067343 /* View */,
				63CD35902D084AFC00067343 /* ViewModel */,
			);
			path = Onboarding;
			sourceTree = "<group>";
		};
		63CD35932D084AFC00067343 /* OpeningModule */ = {
			isa = PBXGroup;
			children = (
				63CD35912D084AFC00067343 /* Onboarding */,
				63CD35922D084AFC00067343 /* SplashScreenView.swift */,
			);
			path = OpeningModule;
			sourceTree = "<group>";
		};
		63CD35952D084AFC00067343 /* Preview Content */ = {
			isa = PBXGroup;
			children = (
				63CD35942D084AFC00067343 /* Preview Assets.xcassets */,
			);
			path = "Preview Content";
			sourceTree = "<group>";
		};
		63CD35972D084AFC00067343 /* SupportFiles */ = {
			isa = PBXGroup;
			children = (
				63CD35962D084AFC00067343 /* Assets.xcassets */,
			);
			path = SupportFiles;
			sourceTree = "<group>";
		};
		63CD35982D084AFC00067343 /* FrameFlow */ = {
			isa = PBXGroup;
			children = (
				63CD35642D084AFC00067343 /* Application */,
				63CD35932D084AFC00067343 /* OpeningModule */,
				63CD35842D084AFC00067343 /* CanvasModule */,
				63CD358A2D084AFC00067343 /* Extensions */,
				63CD35972D084AFC00067343 /* SupportFiles */,
				63CD35952D084AFC00067343 /* Preview Content */,
				63A358172D123B6600280605 /* Info.plist */,
			);
			path = FrameFlow;
			sourceTree = "<group>";
		};
		63DF40CD2D11BCB300DA1C28 /* FrameFlowTests */ = {
			isa = PBXGroup;
			children = (
				63DF40CC2D11BCB300DA1C28 /* FrameFlowTests.swift */,
			);
			path = FrameFlowTests;
			sourceTree = "<group>";
		};
/* End PBXGroup section */

/* Begin PBXNativeTarget section */
		63299F642CCFCA23002609CB /* FrameFlow */ = {
			isa = PBXNativeTarget;
			buildConfigurationList = 63299F732CCFCA25002609CB /* Build configuration list for PBXNativeTarget "FrameFlow" */;
			buildPhases = (
				63299F612CCFCA23002609CB /* Sources */,
				63299F622CCFCA23002609CB /* Frameworks */,
				63299F632CCFCA23002609CB /* Resources */,
			);
			buildRules = (
			);
			dependencies = (
			);
			name = FrameFlow;
			packageProductDependencies = (
			);
			productName = FrameFlow;
			productReference = 63299F652CCFCA23002609CB /* FrameFlow.app */;
			productType = "com.apple.product-type.application";
		};
		637432892CD8F8E900495572 /* FrameFlowTests */ = {
			isa = PBXNativeTarget;
			buildConfigurationList = 637432902CD8F8E900495572 /* Build configuration list for PBXNativeTarget "FrameFlowTests" */;
			buildPhases = (
				637432862CD8F8E900495572 /* Sources */,
				637432872CD8F8E900495572 /* Frameworks */,
				637432882CD8F8E900495572 /* Resources */,
			);
			buildRules = (
			);
			dependencies = (
				6374328F2CD8F8E900495572 /* PBXTargetDependency */,
			);
			name = FrameFlowTests;
			packageProductDependencies = (
			);
			productName = FrameFlowTests;
			productReference = 6374328A2CD8F8E900495572 /* FrameFlowTests.xctest */;
			productType = "com.apple.product-type.bundle.unit-test";
		};
/* End PBXNativeTarget section */

/* Begin PBXProject section */
		63299F5D2CCFCA23002609CB /* Project object */ = {
			isa = PBXProject;
			attributes = {
				BuildIndependentTargetsInParallel = 1;
				LastSwiftUpdateCheck = 1610;
				LastUpgradeCheck = 1610;
				TargetAttributes = {
					63299F642CCFCA23002609CB = {
						CreatedOnToolsVersion = 16.0;
					};
					637432892CD8F8E900495572 = {
						CreatedOnToolsVersion = 16.1;
						TestTargetID = 63299F642CCFCA23002609CB;
					};
				};
			};
			buildConfigurationList = 63299F602CCFCA23002609CB /* Build configuration list for PBXProject "FrameFlow" */;
			compatibilityVersion = "Xcode 15.0";
			developmentRegion = en;
			hasScannedForEncodings = 0;
			knownRegions = (
				en,
				Base,
				ru,
			);
			mainGroup = 63299F5C2CCFCA23002609CB;
			minimizedProjectReferenceProxies = 1;
			productRefGroup = 63299F662CCFCA23002609CB /* Products */;
			projectDirPath = "";
			projectRoot = "";
			targets = (
				63299F642CCFCA23002609CB /* FrameFlow */,
				637432892CD8F8E900495572 /* FrameFlowTests */,
			);
		};
/* End PBXProject section */

/* Begin PBXResourcesBuildPhase section */
		63299F632CCFCA23002609CB /* Resources */ = {
			isa = PBXResourcesBuildPhase;
			buildActionMask = 2147483647;
			files = (
				63CD35992D084AFC00067343 /* Localizable.xcstrings in Resources */,
				63CD359A2D084AFC00067343 /* Preview Assets.xcassets in Resources */,
				63CD359B2D084AFC00067343 /* Assets.xcassets in Resources */,
			);
			runOnlyForDeploymentPostprocessing = 0;
		};
		637432882CD8F8E900495572 /* Resources */ = {
			isa = PBXResourcesBuildPhase;
			buildActionMask = 2147483647;
			files = (
			);
			runOnlyForDeploymentPostprocessing = 0;
		};
/* End PBXResourcesBuildPhase section */

/* Begin PBXSourcesBuildPhase section */
		63299F612CCFCA23002609CB /* Sources */ = {
			isa = PBXSourcesBuildPhase;
			buildActionMask = 2147483647;
			files = (
				63CD359C2D084AFC00067343 /* FrameFlowApp.swift in Sources */,
				63CD359D2D084AFC00067343 /* ActionModel.swift in Sources */,
				63CD359E2D084AFC00067343 /* CanvasModel.swift in Sources */,
				63CD359F2D084AFC00067343 /* LineModel.swift in Sources */,
				63CD35A02D084AFC00067343 /* ShapeModel.swift in Sources */,
				63CD35A12D084AFC00067343 /* CanvasHeaderView.swift in Sources */,
				63CD35A22D084AFC00067343 /* CanvasTabbarView.swift in Sources */,
				63CD35A32D084AFC00067343 /* CanvasView.swift in Sources */,
				63CD35A42D084AFC00067343 /* ColorPaletteView.swift in Sources */,
				63CD35A52D084AFC00067343 /* ColorPickerShortView.swift in Sources */,
				63CD35A62D084AFC00067343 /* ShapeHeightSliderView.swift in Sources */,
				63CD35A72D084AFC00067343 /* ShapesPickerView.swift in Sources */,
				63CD35A82D084AFC00067343 /* SpeedSliderView.swift in Sources */,
				63CD35A92D084AFC00067343 /* WidthSliderView.swift in Sources */,
				63CD35AA2D084AFC00067343 /* LayerMiniatureView.swift in Sources */,
				63CD35AB2D084AFC00067343 /* LayerSheetView.swift in Sources */,
				63CD35AC2D084AFC00067343 /* EditorView.swift in Sources */,
				63CD35AD2D084AFC00067343 /* GIFShareView.swift in Sources */,
				63CD35AE2D084AFC00067343 /* AnimationViewModel.swift in Sources */,
				63CD35AF2D084AFC00067343 /* DrawingViewModel.swift in Sources */,
				63CD35B02D084AFC00067343 /* GIFShareViewModel.swift in Sources */,
				63CD35B12D084AFC00067343 /* LayerViewModel.swift in Sources */,
				63CD35B22D084AFC00067343 /* ShapeViewModel.swift in Sources */,
				63CD35B32D084AFC00067343 /* UndoRedoViewModel.swift in Sources */,
				63CD35B42D084AFC00067343 /* CanvasViewModel.swift in Sources */,
				63CD35B52D084AFC00067343 /* ColorExtension.swift in Sources */,
				63CD35B62D084AFC00067343 /* FontExtension.swift in Sources */,
				63CD35B72D084AFC00067343 /* ImageExtension.swift in Sources */,
				63CD35B82D084AFC00067343 /* Labels.swift in Sources */,
				63CD35B92D084AFC00067343 /* ViewExtension.swift in Sources */,
				63CD35BA2D084AFC00067343 /* OnboardingScreenModel.swift in Sources */,
				63CD35BB2D084AFC00067343 /* OnboardingScreenVIew.swift in Sources */,
				63CD35BC2D084AFC00067343 /* OnboardingScreenViewModel.swift in Sources */,
				63CD35BD2D084AFC00067343 /* SplashScreenView.swift in Sources */,
			);
			runOnlyForDeploymentPostprocessing = 0;
		};
		637432862CD8F8E900495572 /* Sources */ = {
			isa = PBXSourcesBuildPhase;
			buildActionMask = 2147483647;
			files = (
				63DF40CE2D11BCB300DA1C28 /* FrameFlowTests.swift in Sources */,
			);
			runOnlyForDeploymentPostprocessing = 0;
		};
/* End PBXSourcesBuildPhase section */

/* Begin PBXTargetDependency section */
		6374328F2CD8F8E900495572 /* PBXTargetDependency */ = {
			isa = PBXTargetDependency;
			target = 63299F642CCFCA23002609CB /* FrameFlow */;
			targetProxy = 6374328E2CD8F8E900495572 /* PBXContainerItemProxy */;
		};
/* End PBXTargetDependency section */

/* Begin XCBuildConfiguration section */
		63299F712CCFCA25002609CB /* Debug */ = {
			isa = XCBuildConfiguration;
			buildSettings = {
				ALWAYS_SEARCH_USER_PATHS = NO;
				ASSETCATALOG_COMPILER_GENERATE_SWIFT_ASSET_SYMBOL_EXTENSIONS = YES;
				CLANG_ANALYZER_LOCALIZABILITY_NONLOCALIZED = YES;
				CLANG_ANALYZER_NONNULL = YES;
				CLANG_ANALYZER_NUMBER_OBJECT_CONVERSION = YES_AGGRESSIVE;
				CLANG_CXX_LANGUAGE_STANDARD = "gnu++20";
				CLANG_ENABLE_MODULES = YES;
				CLANG_ENABLE_OBJC_ARC = YES;
				CLANG_ENABLE_OBJC_WEAK = YES;
				CLANG_WARN_BLOCK_CAPTURE_AUTORELEASING = YES;
				CLANG_WARN_BOOL_CONVERSION = YES;
				CLANG_WARN_COMMA = YES;
				CLANG_WARN_CONSTANT_CONVERSION = YES;
				CLANG_WARN_DEPRECATED_OBJC_IMPLEMENTATIONS = YES;
				CLANG_WARN_DIRECT_OBJC_ISA_USAGE = YES_ERROR;
				CLANG_WARN_DOCUMENTATION_COMMENTS = YES;
				CLANG_WARN_EMPTY_BODY = YES;
				CLANG_WARN_ENUM_CONVERSION = YES;
				CLANG_WARN_INFINITE_RECURSION = YES;
				CLANG_WARN_INT_CONVERSION = YES;
				CLANG_WARN_NON_LITERAL_NULL_CONVERSION = YES;
				CLANG_WARN_OBJC_IMPLICIT_RETAIN_SELF = YES;
				CLANG_WARN_OBJC_LITERAL_CONVERSION = YES;
				CLANG_WARN_OBJC_ROOT_CLASS = YES_ERROR;
				CLANG_WARN_QUOTED_INCLUDE_IN_FRAMEWORK_HEADER = YES;
				CLANG_WARN_RANGE_LOOP_ANALYSIS = YES;
				CLANG_WARN_STRICT_PROTOTYPES = YES;
				CLANG_WARN_SUSPICIOUS_MOVE = YES;
				CLANG_WARN_UNGUARDED_AVAILABILITY = YES_AGGRESSIVE;
				CLANG_WARN_UNREACHABLE_CODE = YES;
				CLANG_WARN__DUPLICATE_METHOD_MATCH = YES;
				COPY_PHASE_STRIP = NO;
				DEBUG_INFORMATION_FORMAT = dwarf;
				ENABLE_STRICT_OBJC_MSGSEND = YES;
				ENABLE_TESTABILITY = YES;
				ENABLE_USER_SCRIPT_SANDBOXING = YES;
				GCC_C_LANGUAGE_STANDARD = gnu17;
				GCC_DYNAMIC_NO_PIC = NO;
				GCC_NO_COMMON_BLOCKS = YES;
				GCC_OPTIMIZATION_LEVEL = 0;
				GCC_PREPROCESSOR_DEFINITIONS = (
					"DEBUG=1",
					"$(inherited)",
				);
				GCC_WARN_64_TO_32_BIT_CONVERSION = YES;
				GCC_WARN_ABOUT_RETURN_TYPE = YES_ERROR;
				GCC_WARN_UNDECLARED_SELECTOR = YES;
				GCC_WARN_UNINITIALIZED_AUTOS = YES_AGGRESSIVE;
				GCC_WARN_UNUSED_FUNCTION = YES;
				GCC_WARN_UNUSED_VARIABLE = YES;
				IPHONEOS_DEPLOYMENT_TARGET = 18.0;
				LOCALIZATION_PREFERS_STRING_CATALOGS = YES;
				MTL_ENABLE_DEBUG_INFO = INCLUDE_SOURCE;
				MTL_FAST_MATH = YES;
				ONLY_ACTIVE_ARCH = YES;
				SDKROOT = iphoneos;
				SWIFT_ACTIVE_COMPILATION_CONDITIONS = "DEBUG $(inherited)";
				SWIFT_EMIT_LOC_STRINGS = YES;
				SWIFT_OPTIMIZATION_LEVEL = "-Onone";
			};
			name = Debug;
		};
		63299F722CCFCA25002609CB /* Release */ = {
			isa = XCBuildConfiguration;
			buildSettings = {
				ALWAYS_SEARCH_USER_PATHS = NO;
				ASSETCATALOG_COMPILER_GENERATE_SWIFT_ASSET_SYMBOL_EXTENSIONS = YES;
				CLANG_ANALYZER_LOCALIZABILITY_NONLOCALIZED = YES;
				CLANG_ANALYZER_NONNULL = YES;
				CLANG_ANALYZER_NUMBER_OBJECT_CONVERSION = YES_AGGRESSIVE;
				CLANG_CXX_LANGUAGE_STANDARD = "gnu++20";
				CLANG_ENABLE_MODULES = YES;
				CLANG_ENABLE_OBJC_ARC = YES;
				CLANG_ENABLE_OBJC_WEAK = YES;
				CLANG_WARN_BLOCK_CAPTURE_AUTORELEASING = YES;
				CLANG_WARN_BOOL_CONVERSION = YES;
				CLANG_WARN_COMMA = YES;
				CLANG_WARN_CONSTANT_CONVERSION = YES;
				CLANG_WARN_DEPRECATED_OBJC_IMPLEMENTATIONS = YES;
				CLANG_WARN_DIRECT_OBJC_ISA_USAGE = YES_ERROR;
				CLANG_WARN_DOCUMENTATION_COMMENTS = YES;
				CLANG_WARN_EMPTY_BODY = YES;
				CLANG_WARN_ENUM_CONVERSION = YES;
				CLANG_WARN_INFINITE_RECURSION = YES;
				CLANG_WARN_INT_CONVERSION = YES;
				CLANG_WARN_NON_LITERAL_NULL_CONVERSION = YES;
				CLANG_WARN_OBJC_IMPLICIT_RETAIN_SELF = YES;
				CLANG_WARN_OBJC_LITERAL_CONVERSION = YES;
				CLANG_WARN_OBJC_ROOT_CLASS = YES_ERROR;
				CLANG_WARN_QUOTED_INCLUDE_IN_FRAMEWORK_HEADER = YES;
				CLANG_WARN_RANGE_LOOP_ANALYSIS = YES;
				CLANG_WARN_STRICT_PROTOTYPES = YES;
				CLANG_WARN_SUSPICIOUS_MOVE = YES;
				CLANG_WARN_UNGUARDED_AVAILABILITY = YES_AGGRESSIVE;
				CLANG_WARN_UNREACHABLE_CODE = YES;
				CLANG_WARN__DUPLICATE_METHOD_MATCH = YES;
				COPY_PHASE_STRIP = NO;
				DEBUG_INFORMATION_FORMAT = "dwarf-with-dsym";
				ENABLE_NS_ASSERTIONS = NO;
				ENABLE_STRICT_OBJC_MSGSEND = YES;
				ENABLE_USER_SCRIPT_SANDBOXING = YES;
				GCC_C_LANGUAGE_STANDARD = gnu17;
				GCC_NO_COMMON_BLOCKS = YES;
				GCC_WARN_64_TO_32_BIT_CONVERSION = YES;
				GCC_WARN_ABOUT_RETURN_TYPE = YES_ERROR;
				GCC_WARN_UNDECLARED_SELECTOR = YES;
				GCC_WARN_UNINITIALIZED_AUTOS = YES_AGGRESSIVE;
				GCC_WARN_UNUSED_FUNCTION = YES;
				GCC_WARN_UNUSED_VARIABLE = YES;
				IPHONEOS_DEPLOYMENT_TARGET = 18.0;
				LOCALIZATION_PREFERS_STRING_CATALOGS = YES;
				MTL_ENABLE_DEBUG_INFO = NO;
				MTL_FAST_MATH = YES;
				SDKROOT = iphoneos;
				SWIFT_COMPILATION_MODE = wholemodule;
				SWIFT_EMIT_LOC_STRINGS = YES;
				VALIDATE_PRODUCT = YES;
			};
			name = Release;
		};
		63299F742CCFCA25002609CB /* Debug */ = {
			isa = XCBuildConfiguration;
			buildSettings = {
				ASSETCATALOG_COMPILER_APPICON_NAME = AppIcon;
				ASSETCATALOG_COMPILER_GLOBAL_ACCENT_COLOR_NAME = AccentColor;
				CODE_SIGN_STYLE = Automatic;
				CURRENT_PROJECT_VERSION = 1;
				DEVELOPMENT_ASSET_PATHS = "\"FrameFlow/Preview Content\"";
				DEVELOPMENT_TEAM = ZFH6DW7S4P;
				ENABLE_PREVIEWS = YES;
				GENERATE_INFOPLIST_FILE = YES;
				INFOPLIST_FILE = FrameFlow/Info.plist;
				INFOPLIST_KEY_CFBundleDisplayName = "Frame Flow";
				INFOPLIST_KEY_LSApplicationCategoryType = "public.app-category.graphics-design";
				INFOPLIST_KEY_UIApplicationSceneManifest_Generation = YES;
				INFOPLIST_KEY_UIApplicationSupportsIndirectInputEvents = YES;
				INFOPLIST_KEY_UILaunchScreen_Generation = YES;
				INFOPLIST_KEY_UISupportedInterfaceOrientations = UIInterfaceOrientationPortrait;
				IPHONEOS_DEPLOYMENT_TARGET = 17.0;
				LD_RUNPATH_SEARCH_PATHS = (
					"$(inherited)",
					"@executable_path/Frameworks",
				);
				MARKETING_VERSION = 0.1.1;
				PRODUCT_BUNDLE_IDENTIFIER = com.remby.FrameFlow;
				PRODUCT_NAME = "$(TARGET_NAME)";
				SUPPORTED_PLATFORMS = "iphoneos iphonesimulator";
				SUPPORTS_MACCATALYST = NO;
				SUPPORTS_MAC_DESIGNED_FOR_IPHONE_IPAD = NO;
				SUPPORTS_XR_DESIGNED_FOR_IPHONE_IPAD = NO;
				SWIFT_EMIT_LOC_STRINGS = YES;
				SWIFT_VERSION = 5.0;
				TARGETED_DEVICE_FAMILY = 1;
			};
			name = Debug;
		};
		63299F752CCFCA25002609CB /* Release */ = {
			isa = XCBuildConfiguration;
			buildSettings = {
				ASSETCATALOG_COMPILER_APPICON_NAME = AppIcon;
				ASSETCATALOG_COMPILER_GLOBAL_ACCENT_COLOR_NAME = AccentColor;
				CODE_SIGN_STYLE = Automatic;
				CURRENT_PROJECT_VERSION = 1;
				DEVELOPMENT_ASSET_PATHS = "\"FrameFlow/Preview Content\"";
				DEVELOPMENT_TEAM = ZFH6DW7S4P;
				ENABLE_PREVIEWS = YES;
				GENERATE_INFOPLIST_FILE = YES;
				INFOPLIST_FILE = FrameFlow/Info.plist;
				INFOPLIST_KEY_CFBundleDisplayName = "Frame Flow";
				INFOPLIST_KEY_LSApplicationCategoryType = "public.app-category.graphics-design";
				INFOPLIST_KEY_UIApplicationSceneManifest_Generation = YES;
				INFOPLIST_KEY_UIApplicationSupportsIndirectInputEvents = YES;
				INFOPLIST_KEY_UILaunchScreen_Generation = YES;
				INFOPLIST_KEY_UISupportedInterfaceOrientations = UIInterfaceOrientationPortrait;
				IPHONEOS_DEPLOYMENT_TARGET = 17.0;
				LD_RUNPATH_SEARCH_PATHS = (
					"$(inherited)",
					"@executable_path/Frameworks",
				);
				MARKETING_VERSION = 0.1.1;
				PRODUCT_BUNDLE_IDENTIFIER = com.remby.FrameFlow;
				PRODUCT_NAME = "$(TARGET_NAME)";
				SUPPORTED_PLATFORMS = "iphoneos iphonesimulator";
				SUPPORTS_MACCATALYST = NO;
				SUPPORTS_MAC_DESIGNED_FOR_IPHONE_IPAD = NO;
				SUPPORTS_XR_DESIGNED_FOR_IPHONE_IPAD = NO;
				SWIFT_EMIT_LOC_STRINGS = YES;
				SWIFT_VERSION = 5.0;
				TARGETED_DEVICE_FAMILY = 1;
			};
			name = Release;
		};
		637432912CD8F8E900495572 /* Debug */ = {
			isa = XCBuildConfiguration;
			buildSettings = {
				BUNDLE_LOADER = "$(TEST_HOST)";
				CODE_SIGN_STYLE = Automatic;
				CURRENT_PROJECT_VERSION = 1;
				DEVELOPMENT_TEAM = ZFH6DW7S4P;
				GENERATE_INFOPLIST_FILE = YES;
				IPHONEOS_DEPLOYMENT_TARGET = 17.0;
				MARKETING_VERSION = 1.0;
				PRODUCT_BUNDLE_IDENTIFIER = com.remby.FrameFlowTests;
				PRODUCT_NAME = "$(TARGET_NAME)";
				SUPPORTED_PLATFORMS = "iphoneos iphonesimulator";
				SUPPORTS_MACCATALYST = NO;
				SUPPORTS_MAC_DESIGNED_FOR_IPHONE_IPAD = NO;
				SUPPORTS_XR_DESIGNED_FOR_IPHONE_IPAD = NO;
				SWIFT_EMIT_LOC_STRINGS = NO;
				SWIFT_VERSION = 5.0;
				TARGETED_DEVICE_FAMILY = 1;
				TEST_HOST = "$(BUILT_PRODUCTS_DIR)/FrameFlow.app/$(BUNDLE_EXECUTABLE_FOLDER_PATH)/FrameFlow";
			};
			name = Debug;
		};
		637432922CD8F8E900495572 /* Release */ = {
			isa = XCBuildConfiguration;
			buildSettings = {
				BUNDLE_LOADER = "$(TEST_HOST)";
				CODE_SIGN_STYLE = Automatic;
				CURRENT_PROJECT_VERSION = 1;
				DEVELOPMENT_TEAM = ZFH6DW7S4P;
				GENERATE_INFOPLIST_FILE = YES;
				IPHONEOS_DEPLOYMENT_TARGET = 17.0;
				MARKETING_VERSION = 1.0;
				PRODUCT_BUNDLE_IDENTIFIER = com.remby.FrameFlowTests;
				PRODUCT_NAME = "$(TARGET_NAME)";
				SUPPORTED_PLATFORMS = "iphoneos iphonesimulator";
				SUPPORTS_MACCATALYST = NO;
				SUPPORTS_MAC_DESIGNED_FOR_IPHONE_IPAD = NO;
				SUPPORTS_XR_DESIGNED_FOR_IPHONE_IPAD = NO;
				SWIFT_EMIT_LOC_STRINGS = NO;
				SWIFT_VERSION = 5.0;
				TARGETED_DEVICE_FAMILY = 1;
				TEST_HOST = "$(BUILT_PRODUCTS_DIR)/FrameFlow.app/$(BUNDLE_EXECUTABLE_FOLDER_PATH)/FrameFlow";
			};
			name = Release;
		};
/* End XCBuildConfiguration section */

/* Begin XCConfigurationList section */
		63299F602CCFCA23002609CB /* Build configuration list for PBXProject "FrameFlow" */ = {
			isa = XCConfigurationList;
			buildConfigurations = (
				63299F712CCFCA25002609CB /* Debug */,
				63299F722CCFCA25002609CB /* Release */,
			);
			defaultConfigurationIsVisible = 0;
			defaultConfigurationName = Release;
		};
		63299F732CCFCA25002609CB /* Build configuration list for PBXNativeTarget "FrameFlow" */ = {
			isa = XCConfigurationList;
			buildConfigurations = (
				63299F742CCFCA25002609CB /* Debug */,
				63299F752CCFCA25002609CB /* Release */,
			);
			defaultConfigurationIsVisible = 0;
			defaultConfigurationName = Release;
		};
		637432902CD8F8E900495572 /* Build configuration list for PBXNativeTarget "FrameFlowTests" */ = {
			isa = XCConfigurationList;
			buildConfigurations = (
				637432912CD8F8E900495572 /* Debug */,
				637432922CD8F8E900495572 /* Release */,
			);
			defaultConfigurationIsVisible = 0;
			defaultConfigurationName = Release;
		};
/* End XCConfigurationList section */
	};
	rootObject = 63299F5D2CCFCA23002609CB /* Project object */;
}
